
Microsoft Visual Studio Solution File, Format Version 12.00
# Visual Studio Version 17
VisualStudioVersion = 17.11.35219.272
MinimumVisualStudioVersion = 10.0.40219.1
Project("{9A19103F-16F7-4668-BE54-9A1E7A4F7556}") = "Programa de Gerenciamento Industrial", "Programa de Gerenciamento Industrial\Programa de Gerenciamento Industrial.csproj", "{37E55745-8F5B-43E4-A12A-80C8394BC874}"
EndProject
Global
	GlobalSection(SolutionConfigurationPlatforms) = preSolution
		Debug|Any CPU = Debug|Any CPU
		Release|Any CPU = Release|Any CPU
	EndGlobalSection
	GlobalSection(ProjectConfigurationPlatforms) = postSolution
		{37E55745-8F5B-43E4-A12A-80C8394BC874}.Debug|Any CPU.ActiveCfg = Debug|Any CPU
		{37E55745-8F5B-43E4-A12A-80C8394BC874}.Debug|Any CPU.Build.0 = Debug|Any CPU
		{37E55745-8F5B-43E4-A12A-80C8394BC874}.Release|Any CPU.ActiveCfg = Release|Any CPU
		{37E55745-8F5B-43E4-A12A-80C8394BC874}.Release|Any CPU.Build.0 = Release|Any CPU
	EndGlobalSection
	GlobalSection(SolutionProperties) = preSolution
		HideSolutionNode = FALSE
	EndGlobalSection
	GlobalSection(ExtensibilityGlobals) = postSolution
		SolutionGuid = {157F40D3-5DDB-4BC3-B462-F8D555B97486}
	EndGlobalSection
EndGlobal
